
Microsoft Visual Studio Solution File, Format Version 12.00
# Visual Studio Version 16
VisualStudioVersion = 16.0.30621.155
MinimumVisualStudioVersion = 10.0.40219.1
Project("{FAE04EC0-301F-11D3-BF4B-00C04F79EFBC}") = "Kyrs", "Kyrs.csproj", "{6CA9DA38-7266-4584-AE3E-874DE15E18CF}"
EndProject
Global
	GlobalSection(SolutionConfigurationPlatforms) = preSolution
		Debug|Any CPU = Debug|Any CPU
		Release|Any CPU = Release|Any CPU
	EndGlobalSection
	GlobalSection(ProjectConfigurationPlatforms) = postSolution
		{6CA9DA38-7266-4584-AE3E-874DE15E18CF}.Debug|Any CPU.ActiveCfg = Debug|Any CPU
		{6CA9DA38-7266-4584-AE3E-874DE15E18CF}.Debug|Any CPU.Build.0 = Debug|Any CPU
		{6CA9DA38-7266-4584-AE3E-874DE15E18CF}.Release|Any CPU.ActiveCfg = Release|Any CPU
		{6CA9DA38-7266-4584-AE3E-874DE15E18CF}.Release|Any CPU.Build.0 = Release|Any CPU
	EndGlobalSection
	GlobalSection(SolutionProperties) = preSolution
		HideSolutionNode = FALSE
	EndGlobalSection
	GlobalSection(ExtensibilityGlobals) = postSolution
		SolutionGuid = {D8D268A2-A709-4687-869D-C383AEF16548}
	EndGlobalSection
EndGlobal
